
Microsoft Visual Studio Solution File, Format Version 12.00
# Visual Studio Version 17
VisualStudioVersion = 17.8.34525.116
MinimumVisualStudioVersion = 10.0.40219.1
Project("{9A19103F-16F7-4668-BE54-9A1E7A4F7556}") = "ExpenseTracker", "ExpenseTracker\ExpenseTracker.csproj", "{B6918B3B-C6AC-4E5E-852D-94FDBB813AE8}"
EndProject
Global
	GlobalSection(SolutionConfigurationPlatforms) = preSolution
		Debug|Any CPU = Debug|Any CPU
		Release|Any CPU = Release|Any CPU
	EndGlobalSection
	GlobalSection(ProjectConfigurationPlatforms) = postSolution
		{B6918B3B-C6AC-4E5E-852D-94FDBB813AE8}.Debug|Any CPU.ActiveCfg = Debug|Any CPU
		{B6918B3B-C6AC-4E5E-852D-94FDBB813AE8}.Debug|Any CPU.Build.0 = Debug|Any CPU
		{B6918B3B-C6AC-4E5E-852D-94FDBB813AE8}.Release|Any CPU.ActiveCfg = Release|Any CPU
		{B6918B3B-C6AC-4E5E-852D-94FDBB813AE8}.Release|Any CPU.Build.0 = Release|Any CPU
	EndGlobalSection
	GlobalSection(SolutionProperties) = preSolution
		HideSolutionNode = FALSE
	EndGlobalSection
	GlobalSection(ExtensibilityGlobals) = postSolution
		SolutionGuid = {F48664E7-E9D7-4390-B796-C3C6D9A00F99}
	EndGlobalSection
EndGlobal
